
Microsoft Visual Studio Solution File, Format Version 12.00
Project("{FAE04EC0-301F-11D3-BF4B-00C04F79EFBC}") = "Reservation.Api", "Reservation.Api\Reservation.Api.csproj", "{40BDF218-6E2A-48E5-9A70-B89E68F8C7CE}"
EndProject
Project("{FAE04EC0-301F-11D3-BF4B-00C04F79EFBC}") = "Reservation.Application", "Reservation.Application\Reservation.Application.csproj", "{DB408B9A-6FFA-4A92-80AB-38A826C026CF}"
EndProject
Project("{FAE04EC0-301F-11D3-BF4B-00C04F79EFBC}") = "Reservation.Domain", "Reservation.Domain\Reservation.Domain.csproj", "{0213A636-636C-42E6-8F24-07C42EFBF95B}"
EndProject
Project("{FAE04EC0-301F-11D3-BF4B-00C04F79EFBC}") = "Reservation.Infrastructure", "Reservation.Infrastructure\Reservation.Infrastructure.csproj", "{D6687DFF-AA65-4C7E-BF70-3D58D68E32F2}"
EndProject
Global
	GlobalSection(SolutionConfigurationPlatforms) = preSolution
		Debug|Any CPU = Debug|Any CPU
		Release|Any CPU = Release|Any CPU
	EndGlobalSection
	GlobalSection(ProjectConfigurationPlatforms) = postSolution
		{40BDF218-6E2A-48E5-9A70-B89E68F8C7CE}.Debug|Any CPU.ActiveCfg = Debug|Any CPU
		{40BDF218-6E2A-48E5-9A70-B89E68F8C7CE}.Debug|Any CPU.Build.0 = Debug|Any CPU
		{40BDF218-6E2A-48E5-9A70-B89E68F8C7CE}.Release|Any CPU.ActiveCfg = Release|Any CPU
		{40BDF218-6E2A-48E5-9A70-B89E68F8C7CE}.Release|Any CPU.Build.0 = Release|Any CPU
		{DB408B9A-6FFA-4A92-80AB-38A826C026CF}.Debug|Any CPU.ActiveCfg = Debug|Any CPU
		{DB408B9A-6FFA-4A92-80AB-38A826C026CF}.Debug|Any CPU.Build.0 = Debug|Any CPU
		{DB408B9A-6FFA-4A92-80AB-38A826C026CF}.Release|Any CPU.ActiveCfg = Release|Any CPU
		{DB408B9A-6FFA-4A92-80AB-38A826C026CF}.Release|Any CPU.Build.0 = Release|Any CPU
		{0213A636-636C-42E6-8F24-07C42EFBF95B}.Debug|Any CPU.ActiveCfg = Debug|Any CPU
		{0213A636-636C-42E6-8F24-07C42EFBF95B}.Debug|Any CPU.Build.0 = Debug|Any CPU
		{0213A636-636C-42E6-8F24-07C42EFBF95B}.Release|Any CPU.ActiveCfg = Release|Any CPU
		{0213A636-636C-42E6-8F24-07C42EFBF95B}.Release|Any CPU.Build.0 = Release|Any CPU
		{D6687DFF-AA65-4C7E-BF70-3D58D68E32F2}.Debug|Any CPU.ActiveCfg = Debug|Any CPU
		{D6687DFF-AA65-4C7E-BF70-3D58D68E32F2}.Debug|Any CPU.Build.0 = Debug|Any CPU
		{D6687DFF-AA65-4C7E-BF70-3D58D68E32F2}.Release|Any CPU.ActiveCfg = Release|Any CPU
		{D6687DFF-AA65-4C7E-BF70-3D58D68E32F2}.Release|Any CPU.Build.0 = Release|Any CPU
	EndGlobalSection
EndGlobal
